
Microsoft Visual Studio Solution File, Format Version 12.00
# Visual Studio Version 16
VisualStudioVersion = 16.0.29403.142
MinimumVisualStudioVersion = 10.0.40219.1
Project("{FAE04EC0-301F-11D3-BF4B-00C04F79EFBC}") = "TestCSharpNewGrammer", "TestCSharpNewGrammer\TestCSharpNewGrammer.csproj", "{08D49061-6C1E-402B-9E25-5796A4702EB2}"
EndProject
Project("{2150E333-8FDC-42A3-9474-1A3956D46DE8}") = "Solution Items", "Solution Items", "{F6311E6C-76C9-4539-81E8-AFC1F3E1AEDA}"
	ProjectSection(SolutionItems) = preProject
		.gitignore = .gitignore
	EndProjectSection
EndProject
Global
	GlobalSection(SolutionConfigurationPlatforms) = preSolution
		Debug|Any CPU = Debug|Any CPU
		Release|Any CPU = Release|Any CPU
	EndGlobalSection
	GlobalSection(ProjectConfigurationPlatforms) = postSolution
		{08D49061-6C1E-402B-9E25-5796A4702EB2}.Debug|Any CPU.ActiveCfg = Debug|Any CPU
		{08D49061-6C1E-402B-9E25-5796A4702EB2}.Debug|Any CPU.Build.0 = Debug|Any CPU
		{08D49061-6C1E-402B-9E25-5796A4702EB2}.Release|Any CPU.ActiveCfg = Release|Any CPU
		{08D49061-6C1E-402B-9E25-5796A4702EB2}.Release|Any CPU.Build.0 = Release|Any CPU
	EndGlobalSection
	GlobalSection(SolutionProperties) = preSolution
		HideSolutionNode = FALSE
	EndGlobalSection
	GlobalSection(ExtensibilityGlobals) = postSolution
		SolutionGuid = {9A5C6DCD-190C-4730-A456-FBC435112674}
	EndGlobalSection
EndGlobal
